
Microsoft Visual Studio Solution File, Format Version 12.00
# Visual Studio Version 17
VisualStudioVersion = 17.13.35931.197
MinimumVisualStudioVersion = 10.0.40219.1
Project("{2150E333-8FDC-42A3-9474-1A3956D46DE8}") = "src", "src", "{02EA681E-C7D8-13C7-8484-4AC65E1B71E8}"
EndProject
Project("{2150E333-8FDC-42A3-9474-1A3956D46DE8}") = "devops", "devops", "{C80C4DA7-0AA5-4403-A0F6-D89025EC48C8}"
	ProjectSection(SolutionItems) = preProject
		.gitignore = .gitignore
	EndProjectSection
EndProject
Project("{2150E333-8FDC-42A3-9474-1A3956D46DE8}") = "tests", "tests", "{5E0D739E-3E5D-470C-BCFD-08AB89E77D80}"
EndProject
Project("{FAE04EC0-301F-11D3-BF4B-00C04F79EFBC}") = "Users.Infrastructure", "src\Users.Infrastructure\Users.Infrastructure.csproj", "{2AAC5C98-A2F0-434E-B7B0-81D58DD45156}"
EndProject
Project("{FAE04EC0-301F-11D3-BF4B-00C04F79EFBC}") = "Users.Api", "src\Users.Api\Users.Api.csproj", "{86922CED-A6A1-42F0-90FF-1CE1CF16EBF9}"
EndProject
Project("{FAE04EC0-301F-11D3-BF4B-00C04F79EFBC}") = "Users.Application", "src\Users.Application\Users.Application.csproj", "{A67EBFDB-5137-46D0-8528-3E587D04899C}"
EndProject
Project("{FAE04EC0-301F-11D3-BF4B-00C04F79EFBC}") = "Users.Domain", "src\Users.Domain\Users.Domain.csproj", "{831231D3-9242-435F-B46E-2FD18F250E23}"
EndProject
Project("{2150E333-8FDC-42A3-9474-1A3956D46DE8}") = "adapters", "adapters", "{2AB7A086-66EB-42AA-B2BC-91E456844F2F}"
EndProject
Project("{2150E333-8FDC-42A3-9474-1A3956D46DE8}") = "core", "core", "{8608AC8B-2285-4936-9298-5A1180B321FF}"
EndProject
Project("{2150E333-8FDC-42A3-9474-1A3956D46DE8}") = "Driven", "Driven", "{A9ED9407-5E83-43C8-880C-DAC1FA6587BD}"
EndProject
Project("{2150E333-8FDC-42A3-9474-1A3956D46DE8}") = "Driver", "Driver", "{719CA104-24A2-458D-8EF7-96059B968ECC}"
EndProject
Project("{E53339B2-1760-4266-BCC7-CA923CBCF16C}") = "docker-compose", "docker-compose.dcproj", "{81DDED9D-158B-E303-5F62-77A2896D2A5A}"
EndProject
Project("{FAE04EC0-301F-11D3-BF4B-00C04F79EFBC}") = "Users.Test", "tests\Users.Test\Users.Test.csproj", "{7F63B1B7-4BBD-415F-805C-BDFDFC15C072}"
EndProject
Project("{2150E333-8FDC-42A3-9474-1A3956D46DE8}") = "Kubernetes", "Kubernetes", "{A8081225-D26B-42D4-A87A-30689BB1A142}"
EndProject
Project("{2150E333-8FDC-42A3-9474-1A3956D46DE8}") = "Local", "Local", "{C1662625-A960-47EF-86FB-89AD277B0712}"
	ProjectSection(SolutionItems) = preProject
		Kubernetes\Local\mssql-deployment.yaml = Kubernetes\Local\mssql-deployment.yaml
		Kubernetes\Local\mssql-pvc.yaml = Kubernetes\Local\mssql-pvc.yaml
		Kubernetes\Local\mssql-service.yaml = Kubernetes\Local\mssql-service.yaml
		Kubernetes\Local\pod.yaml = Kubernetes\Local\pod.yaml
		Kubernetes\Local\rabbitmq-deployment.yaml = Kubernetes\Local\rabbitmq-deployment.yaml
		Kubernetes\Local\rabbitmq-service.yaml = Kubernetes\Local\rabbitmq-service.yaml
	EndProjectSection
EndProject
Project("{2150E333-8FDC-42A3-9474-1A3956D46DE8}") = "Nuvem", "Nuvem", "{7BE4D33E-240A-408E-A9C6-571F375C9C57}"
	ProjectSection(SolutionItems) = preProject
		Kubernetes\Nuvem\configmap.yaml = Kubernetes\Nuvem\configmap.yaml
		Kubernetes\Nuvem\namespace.yaml = Kubernetes\Nuvem\namespace.yaml
	EndProjectSection
EndProject
Project("{2150E333-8FDC-42A3-9474-1A3956D46DE8}") = "Api", "Api", "{EA6CF33B-6A45-45AF-B2E6-987B752EE410}"
	ProjectSection(SolutionItems) = preProject
		Kubernetes\Nuvem\deployment-api.yaml = Kubernetes\Nuvem\deployment-api.yaml
		Kubernetes\Nuvem\hpa-api.yaml = Kubernetes\Nuvem\hpa-api.yaml
		Kubernetes\Nuvem\secret-api.yaml = Kubernetes\Nuvem\secret-api.yaml
		Kubernetes\Nuvem\services-api.yaml = Kubernetes\Nuvem\services-api.yaml
	EndProjectSection
EndProject
Project("{2150E333-8FDC-42A3-9474-1A3956D46DE8}") = "Rabbit", "Rabbit", "{75FA7501-F571-4EA2-8430-9159B82DF45C}"
	ProjectSection(SolutionItems) = preProject
		Kubernetes\Nuvem\deployment-rabbit.yaml = Kubernetes\Nuvem\deployment-rabbit.yaml
		Kubernetes\Nuvem\pvc-rabbit.yaml = Kubernetes\Nuvem\pvc-rabbit.yaml
		Kubernetes\Nuvem\secret-rabbitmq.yaml = Kubernetes\Nuvem\secret-rabbitmq.yaml
		Kubernetes\Nuvem\services-rabbit.yaml = Kubernetes\Nuvem\services-rabbit.yaml
	EndProjectSection
EndProject
Project("{2150E333-8FDC-42A3-9474-1A3956D46DE8}") = "Mssql", "Mssql", "{2A0061C9-208A-4075-A8A9-A9C2FECC65A1}"
	ProjectSection(SolutionItems) = preProject
		Kubernetes\Nuvem\deployment-mssql.yaml = Kubernetes\Nuvem\deployment-mssql.yaml
		Kubernetes\Nuvem\pvc-mssql.yaml = Kubernetes\Nuvem\pvc-mssql.yaml
		Kubernetes\Nuvem\secret-db.yaml = Kubernetes\Nuvem\secret-db.yaml
		Kubernetes\Nuvem\services-mssql.yaml = Kubernetes\Nuvem\services-mssql.yaml
	EndProjectSection
EndProject
Global
	GlobalSection(SolutionConfigurationPlatforms) = preSolution
		Debug|Any CPU = Debug|Any CPU
		Release|Any CPU = Release|Any CPU
	EndGlobalSection
	GlobalSection(ProjectConfigurationPlatforms) = postSolution
		{2AAC5C98-A2F0-434E-B7B0-81D58DD45156}.Debug|Any CPU.ActiveCfg = Debug|Any CPU
		{2AAC5C98-A2F0-434E-B7B0-81D58DD45156}.Debug|Any CPU.Build.0 = Debug|Any CPU
		{2AAC5C98-A2F0-434E-B7B0-81D58DD45156}.Release|Any CPU.ActiveCfg = Release|Any CPU
		{2AAC5C98-A2F0-434E-B7B0-81D58DD45156}.Release|Any CPU.Build.0 = Release|Any CPU
		{86922CED-A6A1-42F0-90FF-1CE1CF16EBF9}.Debug|Any CPU.ActiveCfg = Debug|Any CPU
		{86922CED-A6A1-42F0-90FF-1CE1CF16EBF9}.Debug|Any CPU.Build.0 = Debug|Any CPU
		{86922CED-A6A1-42F0-90FF-1CE1CF16EBF9}.Release|Any CPU.ActiveCfg = Release|Any CPU
		{86922CED-A6A1-42F0-90FF-1CE1CF16EBF9}.Release|Any CPU.Build.0 = Release|Any CPU
		{A67EBFDB-5137-46D0-8528-3E587D04899C}.Debug|Any CPU.ActiveCfg = Debug|Any CPU
		{A67EBFDB-5137-46D0-8528-3E587D04899C}.Debug|Any CPU.Build.0 = Debug|Any CPU
		{A67EBFDB-5137-46D0-8528-3E587D04899C}.Release|Any CPU.ActiveCfg = Release|Any CPU
		{A67EBFDB-5137-46D0-8528-3E587D04899C}.Release|Any CPU.Build.0 = Release|Any CPU
		{831231D3-9242-435F-B46E-2FD18F250E23}.Debug|Any CPU.ActiveCfg = Debug|Any CPU
		{831231D3-9242-435F-B46E-2FD18F250E23}.Debug|Any CPU.Build.0 = Debug|Any CPU
		{831231D3-9242-435F-B46E-2FD18F250E23}.Release|Any CPU.ActiveCfg = Release|Any CPU
		{831231D3-9242-435F-B46E-2FD18F250E23}.Release|Any CPU.Build.0 = Release|Any CPU
		{81DDED9D-158B-E303-5F62-77A2896D2A5A}.Debug|Any CPU.ActiveCfg = Debug|Any CPU
		{81DDED9D-158B-E303-5F62-77A2896D2A5A}.Debug|Any CPU.Build.0 = Debug|Any CPU
		{81DDED9D-158B-E303-5F62-77A2896D2A5A}.Release|Any CPU.ActiveCfg = Release|Any CPU
		{81DDED9D-158B-E303-5F62-77A2896D2A5A}.Release|Any CPU.Build.0 = Release|Any CPU
		{7F63B1B7-4BBD-415F-805C-BDFDFC15C072}.Debug|Any CPU.ActiveCfg = Debug|Any CPU
		{7F63B1B7-4BBD-415F-805C-BDFDFC15C072}.Debug|Any CPU.Build.0 = Debug|Any CPU
		{7F63B1B7-4BBD-415F-805C-BDFDFC15C072}.Release|Any CPU.ActiveCfg = Release|Any CPU
		{7F63B1B7-4BBD-415F-805C-BDFDFC15C072}.Release|Any CPU.Build.0 = Release|Any CPU
	EndGlobalSection
	GlobalSection(SolutionProperties) = preSolution
		HideSolutionNode = FALSE
	EndGlobalSection
	GlobalSection(NestedProjects) = preSolution
		{2AAC5C98-A2F0-434E-B7B0-81D58DD45156} = {A9ED9407-5E83-43C8-880C-DAC1FA6587BD}
		{86922CED-A6A1-42F0-90FF-1CE1CF16EBF9} = {719CA104-24A2-458D-8EF7-96059B968ECC}
		{A67EBFDB-5137-46D0-8528-3E587D04899C} = {8608AC8B-2285-4936-9298-5A1180B321FF}
		{831231D3-9242-435F-B46E-2FD18F250E23} = {8608AC8B-2285-4936-9298-5A1180B321FF}
		{2AB7A086-66EB-42AA-B2BC-91E456844F2F} = {02EA681E-C7D8-13C7-8484-4AC65E1B71E8}
		{8608AC8B-2285-4936-9298-5A1180B321FF} = {02EA681E-C7D8-13C7-8484-4AC65E1B71E8}
		{A9ED9407-5E83-43C8-880C-DAC1FA6587BD} = {2AB7A086-66EB-42AA-B2BC-91E456844F2F}
		{719CA104-24A2-458D-8EF7-96059B968ECC} = {2AB7A086-66EB-42AA-B2BC-91E456844F2F}
		{7F63B1B7-4BBD-415F-805C-BDFDFC15C072} = {5E0D739E-3E5D-470C-BCFD-08AB89E77D80}
		{A8081225-D26B-42D4-A87A-30689BB1A142} = {C80C4DA7-0AA5-4403-A0F6-D89025EC48C8}
		{C1662625-A960-47EF-86FB-89AD277B0712} = {A8081225-D26B-42D4-A87A-30689BB1A142}
		{7BE4D33E-240A-408E-A9C6-571F375C9C57} = {A8081225-D26B-42D4-A87A-30689BB1A142}
		{EA6CF33B-6A45-45AF-B2E6-987B752EE410} = {7BE4D33E-240A-408E-A9C6-571F375C9C57}
		{75FA7501-F571-4EA2-8430-9159B82DF45C} = {7BE4D33E-240A-408E-A9C6-571F375C9C57}
		{2A0061C9-208A-4075-A8A9-A9C2FECC65A1} = {7BE4D33E-240A-408E-A9C6-571F375C9C57}
	EndGlobalSection
	GlobalSection(ExtensibilityGlobals) = postSolution
		SolutionGuid = {F824118A-B7F3-4754-B075-6007F2043CCC}
	EndGlobalSection
EndGlobal
