
Microsoft Visual Studio Solution File, Format Version 12.00
# Visual Studio Version 17
VisualStudioVersion = 17.13.35931.197
MinimumVisualStudioVersion = 10.0.40219.1
Project("{2150E333-8FDC-42A3-9474-1A3956D46DE8}") = "src", "src", "{02EA681E-C7D8-13C7-8484-4AC65E1B71E8}"
EndProject
Project("{2150E333-8FDC-42A3-9474-1A3956D46DE8}") = "devops", "devops", "{C80C4DA7-0AA5-4403-A0F6-D89025EC48C8}"
EndProject
Project("{2150E333-8FDC-42A3-9474-1A3956D46DE8}") = "tests", "tests", "{5E0D739E-3E5D-470C-BCFD-08AB89E77D80}"
EndProject
Project("{FAE04EC0-301F-11D3-BF4B-00C04F79EFBC}") = "Users.Infrastructure", "src\Users.Infrastructure\Users.Infrastructure.csproj", "{2AAC5C98-A2F0-434E-B7B0-81D58DD45156}"
EndProject
Project("{FAE04EC0-301F-11D3-BF4B-00C04F79EFBC}") = "Users.Api", "src\Users.Api\Users.Api.csproj", "{86922CED-A6A1-42F0-90FF-1CE1CF16EBF9}"
EndProject
Project("{FAE04EC0-301F-11D3-BF4B-00C04F79EFBC}") = "Users.Application", "src\Users.Application\Users.Application.csproj", "{A67EBFDB-5137-46D0-8528-3E587D04899C}"
EndProject
Project("{FAE04EC0-301F-11D3-BF4B-00C04F79EFBC}") = "Users.Domain", "src\Users.Domain\Users.Domain.csproj", "{831231D3-9242-435F-B46E-2FD18F250E23}"
EndProject
Project("{2150E333-8FDC-42A3-9474-1A3956D46DE8}") = "adapters", "adapters", "{2AB7A086-66EB-42AA-B2BC-91E456844F2F}"
EndProject
Project("{2150E333-8FDC-42A3-9474-1A3956D46DE8}") = "core", "core", "{8608AC8B-2285-4936-9298-5A1180B321FF}"
EndProject
Project("{2150E333-8FDC-42A3-9474-1A3956D46DE8}") = "Driven", "Driven", "{A9ED9407-5E83-43C8-880C-DAC1FA6587BD}"
EndProject
Project("{2150E333-8FDC-42A3-9474-1A3956D46DE8}") = "Driver", "Driver", "{719CA104-24A2-458D-8EF7-96059B968ECC}"
EndProject
Project("{E53339B2-1760-4266-BCC7-CA923CBCF16C}") = "docker-compose", "docker-compose.dcproj", "{81DDED9D-158B-E303-5F62-77A2896D2A5A}"
EndProject
Project("{FAE04EC0-301F-11D3-BF4B-00C04F79EFBC}") = "Users.Test", "tests\Users.Test\Users.Test.csproj", "{7F63B1B7-4BBD-415F-805C-BDFDFC15C072}"
EndProject
Global
	GlobalSection(SolutionConfigurationPlatforms) = preSolution
		Debug|Any CPU = Debug|Any CPU
		Release|Any CPU = Release|Any CPU
	EndGlobalSection
	GlobalSection(ProjectConfigurationPlatforms) = postSolution
		{2AAC5C98-A2F0-434E-B7B0-81D58DD45156}.Debug|Any CPU.ActiveCfg = Debug|Any CPU
		{2AAC5C98-A2F0-434E-B7B0-81D58DD45156}.Debug|Any CPU.Build.0 = Debug|Any CPU
		{2AAC5C98-A2F0-434E-B7B0-81D58DD45156}.Release|Any CPU.ActiveCfg = Release|Any CPU
		{2AAC5C98-A2F0-434E-B7B0-81D58DD45156}.Release|Any CPU.Build.0 = Release|Any CPU
		{86922CED-A6A1-42F0-90FF-1CE1CF16EBF9}.Debug|Any CPU.ActiveCfg = Debug|Any CPU
		{86922CED-A6A1-42F0-90FF-1CE1CF16EBF9}.Debug|Any CPU.Build.0 = Debug|Any CPU
		{86922CED-A6A1-42F0-90FF-1CE1CF16EBF9}.Release|Any CPU.ActiveCfg = Release|Any CPU
		{86922CED-A6A1-42F0-90FF-1CE1CF16EBF9}.Release|Any CPU.Build.0 = Release|Any CPU
		{A67EBFDB-5137-46D0-8528-3E587D04899C}.Debug|Any CPU.ActiveCfg = Debug|Any CPU
		{A67EBFDB-5137-46D0-8528-3E587D04899C}.Debug|Any CPU.Build.0 = Debug|Any CPU
		{A67EBFDB-5137-46D0-8528-3E587D04899C}.Release|Any CPU.ActiveCfg = Release|Any CPU
		{A67EBFDB-5137-46D0-8528-3E587D04899C}.Release|Any CPU.Build.0 = Release|Any CPU
		{831231D3-9242-435F-B46E-2FD18F250E23}.Debug|Any CPU.ActiveCfg = Debug|Any CPU
		{831231D3-9242-435F-B46E-2FD18F250E23}.Debug|Any CPU.Build.0 = Debug|Any CPU
		{831231D3-9242-435F-B46E-2FD18F250E23}.Release|Any CPU.ActiveCfg = Release|Any CPU
		{831231D3-9242-435F-B46E-2FD18F250E23}.Release|Any CPU.Build.0 = Release|Any CPU
		{81DDED9D-158B-E303-5F62-77A2896D2A5A}.Debug|Any CPU.ActiveCfg = Debug|Any CPU
		{81DDED9D-158B-E303-5F62-77A2896D2A5A}.Debug|Any CPU.Build.0 = Debug|Any CPU
		{81DDED9D-158B-E303-5F62-77A2896D2A5A}.Release|Any CPU.ActiveCfg = Release|Any CPU
		{81DDED9D-158B-E303-5F62-77A2896D2A5A}.Release|Any CPU.Build.0 = Release|Any CPU
		{7F63B1B7-4BBD-415F-805C-BDFDFC15C072}.Debug|Any CPU.ActiveCfg = Debug|Any CPU
		{7F63B1B7-4BBD-415F-805C-BDFDFC15C072}.Debug|Any CPU.Build.0 = Debug|Any CPU
		{7F63B1B7-4BBD-415F-805C-BDFDFC15C072}.Release|Any CPU.ActiveCfg = Release|Any CPU
		{7F63B1B7-4BBD-415F-805C-BDFDFC15C072}.Release|Any CPU.Build.0 = Release|Any CPU
	EndGlobalSection
	GlobalSection(SolutionProperties) = preSolution
		HideSolutionNode = FALSE
	EndGlobalSection
	GlobalSection(NestedProjects) = preSolution
		{2AAC5C98-A2F0-434E-B7B0-81D58DD45156} = {A9ED9407-5E83-43C8-880C-DAC1FA6587BD}
		{86922CED-A6A1-42F0-90FF-1CE1CF16EBF9} = {719CA104-24A2-458D-8EF7-96059B968ECC}
		{A67EBFDB-5137-46D0-8528-3E587D04899C} = {8608AC8B-2285-4936-9298-5A1180B321FF}
		{831231D3-9242-435F-B46E-2FD18F250E23} = {8608AC8B-2285-4936-9298-5A1180B321FF}
		{2AB7A086-66EB-42AA-B2BC-91E456844F2F} = {02EA681E-C7D8-13C7-8484-4AC65E1B71E8}
		{8608AC8B-2285-4936-9298-5A1180B321FF} = {02EA681E-C7D8-13C7-8484-4AC65E1B71E8}
		{A9ED9407-5E83-43C8-880C-DAC1FA6587BD} = {2AB7A086-66EB-42AA-B2BC-91E456844F2F}
		{719CA104-24A2-458D-8EF7-96059B968ECC} = {2AB7A086-66EB-42AA-B2BC-91E456844F2F}
		{7F63B1B7-4BBD-415F-805C-BDFDFC15C072} = {5E0D739E-3E5D-470C-BCFD-08AB89E77D80}
	EndGlobalSection
	GlobalSection(ExtensibilityGlobals) = postSolution
		SolutionGuid = {F824118A-B7F3-4754-B075-6007F2043CCC}
	EndGlobalSection
EndGlobal
